// !$*UTF8*$!
{
	archiveVersion = 1;
	classes = {
	};
	objectVersion = 77;
	objects = {

/* Begin PBXContainerItemProxy section */
		5CEB72612CEB3CAF006E2CBC /* PBXContainerItemProxy */ = {
			isa = PBXContainerItemProxy;
			containerPortal = 5CEB72472CEB3CAE006E2CBC /* Project object */;
			proxyType = 1;
			remoteGlobalIDString = 5CEB724E2CEB3CAE006E2CBC;
			remoteInfo = DogBreedApp;
		};
		5CEB726B2CEB3CAF006E2CBC /* PBXContainerItemProxy */ = {
			isa = PBXContainerItemProxy;
			containerPortal = 5CEB72472CEB3CAE006E2CBC /* Project object */;
			proxyType = 1;
			remoteGlobalIDString = 5CEB724E2CEB3CAE006E2CBC;
			remoteInfo = DogBreedApp;
		};
/* End PBXContainerItemProxy section */

/* Begin PBXFileReference section */
		5CEB724F2CEB3CAE006E2CBC /* DogBreedApp.app */ = {isa = PBXFileReference; explicitFileType = wrapper.application; includeInIndex = 0; path = DogBreedApp.app; sourceTree = BUILT_PRODUCTS_DIR; };
		5CEB72602CEB3CAF006E2CBC /* DogBreedAppTests.xctest */ = {isa = PBXFileReference; explicitFileType = wrapper.cfbundle; includeInIndex = 0; path = DogBreedAppTests.xctest; sourceTree = BUILT_PRODUCTS_DIR; };
		5CEB726A2CEB3CAF006E2CBC /* DogBreedAppUITests.xctest */ = {isa = PBXFileReference; explicitFileType = wrapper.cfbundle; includeInIndex = 0; path = DogBreedAppUITests.xctest; sourceTree = BUILT_PRODUCTS_DIR; };
/* End PBXFileReference section */

/* Begin PBXFileSystemSynchronizedRootGroup section */
		5CEB72512CEB3CAE006E2CBC /* DogBreedApp */ = {
			isa = PBXFileSystemSynchronizedRootGroup;
			path = DogBreedApp;
			sourceTree = "<group>";
		};
		5CEB72632CEB3CAF006E2CBC /* DogBreedAppTests */ = {
			isa = PBXFileSystemSynchronizedRootGroup;
			path = DogBreedAppTests;
			sourceTree = "<group>";
		};
		5CEB726D2CEB3CAF006E2CBC /* DogBreedAppUITests */ = {
			isa = PBXFileSystemSynchronizedRootGroup;
			path = DogBreedAppUITests;
			sourceTree = "<group>";
		};
/* End PBXFileSystemSynchronizedRootGroup section */

/* Begin PBXFrameworksBuildPhase section */
		5CEB724C2CEB3CAE006E2CBC /* Frameworks */ = {
			isa = PBXFrameworksBuildPhase;
			buildActionMask = 2147483647;
			files = (
			);
			runOnlyForDeploymentPostprocessing = 0;
		};
		5CEB725D2CEB3CAF006E2CBC /* Frameworks */ = {
			isa = PBXFrameworksBuildPhase;
			buildActionMask = 2147483647;
			files = (
			);
			runOnlyForDeploymentPostprocessing = 0;
		};
		5CEB72672CEB3CAF006E2CBC /* Frameworks */ = {
			isa = PBXFrameworksBuildPhase;
			buildActionMask = 2147483647;
			files = (
			);
			runOnlyForDeploymentPostprocessing = 0;
		};
/* End PBXFrameworksBuildPhase section */

/* Begin PBXGroup section */
		5CEB72462CEB3CAE006E2CBC = {
			isa = PBXGroup;
			children = (
				5CEB72512CEB3CAE006E2CBC /* DogBreedApp */,
				5CEB72632CEB3CAF006E2CBC /* DogBreedAppTests */,
				5CEB726D2CEB3CAF006E2CBC /* DogBreedAppUITests */,
				5CEB72502CEB3CAE006E2CBC /* Products */,
			);
			sourceTree = "<group>";
		};
		5CEB72502CEB3CAE006E2CBC /* Products */ = {
			isa = PBXGroup;
			children = (
				5CEB724F2CEB3CAE006E2CBC /* DogBreedApp.app */,
				5CEB72602CEB3CAF006E2CBC /* DogBreedAppTests.xctest */,
				5CEB726A2CEB3CAF006E2CBC /* DogBreedAppUITests.xctest */,
			);
			name = Products;
			sourceTree = "<group>";
		};
/* End PBXGroup section */

/* Begin PBXNativeTarget section */
		5CEB724E2CEB3CAE006E2CBC /* DogBreedApp */ = {
			isa = PBXNativeTarget;
			buildConfigurationList = 5CEB72742CEB3CAF006E2CBC /* Build configuration list for PBXNativeTarget "DogBreedApp" */;
			buildPhases = (
				5CEB724B2CEB3CAE006E2CBC /* Sources */,
				5CEB724C2CEB3CAE006E2CBC /* Frameworks */,
				5CEB724D2CEB3CAE006E2CBC /* Resources */,
			);
			buildRules = (
			);
			dependencies = (
			);
			fileSystemSynchronizedGroups = (
				5CEB72512CEB3CAE006E2CBC /* DogBreedApp */,
			);
			name = DogBreedApp;
			packageProductDependencies = (
			);
			productName = DogBreedApp;
			productReference = 5CEB724F2CEB3CAE006E2CBC /* DogBreedApp.app */;
			productType = "com.apple.product-type.application";
		};
		5CEB725F2CEB3CAF006E2CBC /* DogBreedAppTests */ = {
			isa = PBXNativeTarget;
			buildConfigurationList = 5CEB72772CEB3CAF006E2CBC /* Build configuration list for PBXNativeTarget "DogBreedAppTests" */;
			buildPhases = (
				5CEB725C2CEB3CAF006E2CBC /* Sources */,
				5CEB725D2CEB3CAF006E2CBC /* Frameworks */,
				5CEB725E2CEB3CAF006E2CBC /* Resources */,
			);
			buildRules = (
			);
			dependencies = (
				5CEB72622CEB3CAF006E2CBC /* PBXTargetDependency */,
			);
			fileSystemSynchronizedGroups = (
				5CEB72632CEB3CAF006E2CBC /* DogBreedAppTests */,
			);
			name = DogBreedAppTests;
			packageProductDependencies = (
			);
			productName = DogBreedAppTests;
			productReference = 5CEB72602CEB3CAF006E2CBC /* DogBreedAppTests.xctest */;
			productType = "com.apple.product-type.bundle.unit-test";
		};
		5CEB72692CEB3CAF006E2CBC /* DogBreedAppUITests */ = {
			isa = PBXNativeTarget;
			buildConfigurationList = 5CEB727A2CEB3CAF006E2CBC /* Build configuration list for PBXNativeTarget "DogBreedAppUITests" */;
			buildPhases = (
				5CEB72662CEB3CAF006E2CBC /* Sources */,
				5CEB72672CEB3CAF006E2CBC /* Frameworks */,
				5CEB72682CEB3CAF006E2CBC /* Resources */,
			);
			buildRules = (
			);
			dependencies = (
				5CEB726C2CEB3CAF006E2CBC /* PBXTargetDependency */,
			);
			fileSystemSynchronizedGroups = (
				5CEB726D2CEB3CAF006E2CBC /* DogBreedAppUITests */,
			);
			name = DogBreedAppUITests;
			packageProductDependencies = (
			);
			productName = DogBreedAppUITests;
			productReference = 5CEB726A2CEB3CAF006E2CBC /* DogBreedAppUITests.xctest */;
			productType = "com.apple.product-type.bundle.ui-testing";
		};
/* End PBXNativeTarget section */

/* Begin PBXProject section */
		5CEB72472CEB3CAE006E2CBC /* Project object */ = {
			isa = PBXProject;
			attributes = {
				BuildIndependentTargetsInParallel = 1;
				LastSwiftUpdateCheck = 1610;
				LastUpgradeCheck = 1610;
				TargetAttributes = {
					5CEB724E2CEB3CAE006E2CBC = {
						CreatedOnToolsVersion = 16.1;
					};
					5CEB725F2CEB3CAF006E2CBC = {
						CreatedOnToolsVersion = 16.1;
						TestTargetID = 5CEB724E2CEB3CAE006E2CBC;
					};
					5CEB72692CEB3CAF006E2CBC = {
						CreatedOnToolsVersion = 16.1;
						TestTargetID = 5CEB724E2CEB3CAE006E2CBC;
					};
				};
			};
			buildConfigurationList = 5CEB724A2CEB3CAE006E2CBC /* Build configuration list for PBXProject "DogBreedApp" */;
			developmentRegion = en;
			hasScannedForEncodings = 0;
			knownRegions = (
				en,
				Base,
			);
			mainGroup = 5CEB72462CEB3CAE006E2CBC;
			minimizedProjectReferenceProxies = 1;
			preferredProjectObjectVersion = 77;
			productRefGroup = 5CEB72502CEB3CAE006E2CBC /* Products */;
			projectDirPath = "";
			projectRoot = "";
			targets = (
				5CEB724E2CEB3CAE006E2CBC /* DogBreedApp */,
				5CEB725F2CEB3CAF006E2CBC /* DogBreedAppTests */,
				5CEB72692CEB3CAF006E2CBC /* DogBreedAppUITests */,
			);
		};
/* End PBXProject section */

/* Begin PBXResourcesBuildPhase section */
		5CEB724D2CEB3CAE006E2CBC /* Resources */ = {
			isa = PBXResourcesBuildPhase;
			buildActionMask = 2147483647;
			files = (
			);
			runOnlyForDeploymentPostprocessing = 0;
		};
		5CEB725E2CEB3CAF006E2CBC /* Resources */ = {
			isa = PBXResourcesBuildPhase;
			buildActionMask = 2147483647;
			files = (
			);
			runOnlyForDeploymentPostprocessing = 0;
		};
		5CEB72682CEB3CAF006E2CBC /* Resources */ = {
			isa = PBXResourcesBuildPhase;
			buildActionMask = 2147483647;
			files = (
			);
			runOnlyForDeploymentPostprocessing = 0;
		};
/* End PBXResourcesBuildPhase section */

/* Begin PBXSourcesBuildPhase section */
		5CEB724B2CEB3CAE006E2CBC /* Sources */ = {
			isa = PBXSourcesBuildPhase;
			buildActionMask = 2147483647;
			files = (
			);
			runOnlyForDeploymentPostprocessing = 0;
		};
		5CEB725C2CEB3CAF006E2CBC /* Sources */ = {
			isa = PBXSourcesBuildPhase;
			buildActionMask = 2147483647;
			files = (
			);
			runOnlyForDeploymentPostprocessing = 0;
		};
		5CEB72662CEB3CAF006E2CBC /* Sources */ = {
			isa = PBXSourcesBuildPhase;
			buildActionMask = 2147483647;
			files = (
			);
			runOnlyForDeploymentPostprocessing = 0;
		};
/* End PBXSourcesBuildPhase section */

/* Begin PBXTargetDependency section */
		5CEB72622CEB3CAF006E2CBC /* PBXTargetDependency */ = {
			isa = PBXTargetDependency;
			target = 5CEB724E2CEB3CAE006E2CBC /* DogBreedApp */;
			targetProxy = 5CEB72612CEB3CAF006E2CBC /* PBXContainerItemProxy */;
		};
		5CEB726C2CEB3CAF006E2CBC /* PBXTargetDependency */ = {
			isa = PBXTargetDependency;
			target = 5CEB724E2CEB3CAE006E2CBC /* DogBreedApp */;
			targetProxy = 5CEB726B2CEB3CAF006E2CBC /* PBXContainerItemProxy */;
		};
/* End PBXTargetDependency section */

/* Begin XCBuildConfiguration section */
		5CEB72722CEB3CAF006E2CBC /* Debug */ = {
			isa = XCBuildConfiguration;
			buildSettings = {
				ALWAYS_SEARCH_USER_PATHS = NO;
				ASSETCATALOG_COMPILER_GENERATE_SWIFT_ASSET_SYMBOL_EXTENSIONS = YES;
				CLANG_ANALYZER_NONNULL = YES;
				CLANG_ANALYZER_NUMBER_OBJECT_CONVERSION = YES_AGGRESSIVE;
				CLANG_CXX_LANGUAGE_STANDARD = "gnu++20";
				CLANG_ENABLE_MODULES = YES;
				CLANG_ENABLE_OBJC_ARC = YES;
				CLANG_ENABLE_OBJC_WEAK = YES;
				CLANG_WARN_BLOCK_CAPTURE_AUTORELEASING = YES;
				CLANG_WARN_BOOL_CONVERSION = YES;
				CLANG_WARN_COMMA = YES;
				CLANG_WARN_CONSTANT_CONVERSION = YES;
				CLANG_WARN_DEPRECATED_OBJC_IMPLEMENTATIONS = YES;
				CLANG_WARN_DIRECT_OBJC_ISA_USAGE = YES_ERROR;
				CLANG_WARN_DOCUMENTATION_COMMENTS = YES;
				CLANG_WARN_EMPTY_BODY = YES;
				CLANG_WARN_ENUM_CONVERSION = YES;
				CLANG_WARN_INFINITE_RECURSION = YES;
				CLANG_WARN_INT_CONVERSION = YES;
				CLANG_WARN_NON_LITERAL_NULL_CONVERSION = YES;
				CLANG_WARN_OBJC_IMPLICIT_RETAIN_SELF = YES;
				CLANG_WARN_OBJC_LITERAL_CONVERSION = YES;
				CLANG_WARN_OBJC_ROOT_CLASS = YES_ERROR;
				CLANG_WARN_QUOTED_INCLUDE_IN_FRAMEWORK_HEADER = YES;
				CLANG_WARN_RANGE_LOOP_ANALYSIS = YES;
				CLANG_WARN_STRICT_PROTOTYPES = YES;
				CLANG_WARN_SUSPICIOUS_MOVE = YES;
				CLANG_WARN_UNGUARDED_AVAILABILITY = YES_AGGRESSIVE;
				CLANG_WARN_UNREACHABLE_CODE = YES;
				CLANG_WARN__DUPLICATE_METHOD_MATCH = YES;
				COPY_PHASE_STRIP = NO;
				DEBUG_INFORMATION_FORMAT = dwarf;
				ENABLE_STRICT_OBJC_MSGSEND = YES;
				ENABLE_TESTABILITY = YES;
				ENABLE_USER_SCRIPT_SANDBOXING = YES;
				GCC_C_LANGUAGE_STANDARD = gnu17;
				GCC_DYNAMIC_NO_PIC = NO;
				GCC_NO_COMMON_BLOCKS = YES;
				GCC_OPTIMIZATION_LEVEL = 0;
				GCC_PREPROCESSOR_DEFINITIONS = (
					"DEBUG=1",
					"$(inherited)",
				);
				GCC_WARN_64_TO_32_BIT_CONVERSION = YES;
				GCC_WARN_ABOUT_RETURN_TYPE = YES_ERROR;
				GCC_WARN_UNDECLARED_SELECTOR = YES;
				GCC_WARN_UNINITIALIZED_AUTOS = YES_AGGRESSIVE;
				GCC_WARN_UNUSED_FUNCTION = YES;
				GCC_WARN_UNUSED_VARIABLE = YES;
				LOCALIZATION_PREFERS_STRING_CATALOGS = YES;
				MTL_ENABLE_DEBUG_INFO = INCLUDE_SOURCE;
				MTL_FAST_MATH = YES;
				ONLY_ACTIVE_ARCH = YES;
				SWIFT_ACTIVE_COMPILATION_CONDITIONS = "DEBUG $(inherited)";
				SWIFT_OPTIMIZATION_LEVEL = "-Onone";
			};
			name = Debug;
		};
		5CEB72732CEB3CAF006E2CBC /* Release */ = {
			isa = XCBuildConfiguration;
			buildSettings = {
				ALWAYS_SEARCH_USER_PATHS = NO;
				ASSETCATALOG_COMPILER_GENERATE_SWIFT_ASSET_SYMBOL_EXTENSIONS = YES;
				CLANG_ANALYZER_NONNULL = YES;
				CLANG_ANALYZER_NUMBER_OBJECT_CONVERSION = YES_AGGRESSIVE;
				CLANG_CXX_LANGUAGE_STANDARD = "gnu++20";
				CLANG_ENABLE_MODULES = YES;
				CLANG_ENABLE_OBJC_ARC = YES;
				CLANG_ENABLE_OBJC_WEAK = YES;
				CLANG_WARN_BLOCK_CAPTURE_AUTORELEASING = YES;
				CLANG_WARN_BOOL_CONVERSION = YES;
				CLANG_WARN_COMMA = YES;
				CLANG_WARN_CONSTANT_CONVERSION = YES;
				CLANG_WARN_DEPRECATED_OBJC_IMPLEMENTATIONS = YES;
				CLANG_WARN_DIRECT_OBJC_ISA_USAGE = YES_ERROR;
				CLANG_WARN_DOCUMENTATION_COMMENTS = YES;
				CLANG_WARN_EMPTY_BODY = YES;
				CLANG_WARN_ENUM_CONVERSION = YES;
				CLANG_WARN_INFINITE_RECURSION = YES;
				CLANG_WARN_INT_CONVERSION = YES;
				CLANG_WARN_NON_LITERAL_NULL_CONVERSION = YES;
				CLANG_WARN_OBJC_IMPLICIT_RETAIN_SELF = YES;
				CLANG_WARN_OBJC_LITERAL_CONVERSION = YES;
				CLANG_WARN_OBJC_ROOT_CLASS = YES_ERROR;
				CLANG_WARN_QUOTED_INCLUDE_IN_FRAMEWORK_HEADER = YES;
				CLANG_WARN_RANGE_LOOP_ANALYSIS = YES;
				CLANG_WARN_STRICT_PROTOTYPES = YES;
				CLANG_WARN_SUSPICIOUS_MOVE = YES;
				CLANG_WARN_UNGUARDED_AVAILABILITY = YES_AGGRESSIVE;
				CLANG_WARN_UNREACHABLE_CODE = YES;
				CLANG_WARN__DUPLICATE_METHOD_MATCH = YES;
				COPY_PHASE_STRIP = NO;
				DEBUG_INFORMATION_FORMAT = "dwarf-with-dsym";
				ENABLE_NS_ASSERTIONS = NO;
				ENABLE_STRICT_OBJC_MSGSEND = YES;
				ENABLE_USER_SCRIPT_SANDBOXING = YES;
				GCC_C_LANGUAGE_STANDARD = gnu17;
				GCC_NO_COMMON_BLOCKS = YES;
				GCC_WARN_64_TO_32_BIT_CONVERSION = YES;
				GCC_WARN_ABOUT_RETURN_TYPE = YES_ERROR;
				GCC_WARN_UNDECLARED_SELECTOR = YES;
				GCC_WARN_UNINITIALIZED_AUTOS = YES_AGGRESSIVE;
				GCC_WARN_UNUSED_FUNCTION = YES;
				GCC_WARN_UNUSED_VARIABLE = YES;
				LOCALIZATION_PREFERS_STRING_CATALOGS = YES;
				MTL_ENABLE_DEBUG_INFO = NO;
				MTL_FAST_MATH = YES;
				SWIFT_COMPILATION_MODE = wholemodule;
			};
			name = Release;
		};
		5CEB72752CEB3CAF006E2CBC /* Debug */ = {
			isa = XCBuildConfiguration;
			buildSettings = {
				ASSETCATALOG_COMPILER_APPICON_NAME = AppIcon;
				ASSETCATALOG_COMPILER_GLOBAL_ACCENT_COLOR_NAME = AccentColor;
				CODE_SIGN_ENTITLEMENTS = DogBreedApp/DogBreedApp.entitlements;
				CODE_SIGN_STYLE = Automatic;
				CURRENT_PROJECT_VERSION = 1;
				DEVELOPMENT_ASSET_PATHS = "\"DogBreedApp/Preview Content\"";
				DEVELOPMENT_TEAM = 6U2ZF9LUTV;
				ENABLE_HARDENED_RUNTIME = YES;
				ENABLE_PREVIEWS = YES;
				GENERATE_INFOPLIST_FILE = YES;
				"INFOPLIST_KEY_UIApplicationSceneManifest_Generation[sdk=iphoneos*]" = YES;
				"INFOPLIST_KEY_UIApplicationSceneManifest_Generation[sdk=iphonesimulator*]" = YES;
				"INFOPLIST_KEY_UIApplicationSupportsIndirectInputEvents[sdk=iphoneos*]" = YES;
				"INFOPLIST_KEY_UIApplicationSupportsIndirectInputEvents[sdk=iphonesimulator*]" = YES;
				"INFOPLIST_KEY_UILaunchScreen_Generation[sdk=iphoneos*]" = YES;
				"INFOPLIST_KEY_UILaunchScreen_Generation[sdk=iphonesimulator*]" = YES;
				"INFOPLIST_KEY_UIStatusBarStyle[sdk=iphoneos*]" = UIStatusBarStyleDefault;
				"INFOPLIST_KEY_UIStatusBarStyle[sdk=iphonesimulator*]" = UIStatusBarStyleDefault;
				INFOPLIST_KEY_UISupportedInterfaceOrientations_iPad = "UIInterfaceOrientationPortrait UIInterfaceOrientationPortraitUpsideDown UIInterfaceOrientationLandscapeLeft UIInterfaceOrientationLandscapeRight";
				INFOPLIST_KEY_UISupportedInterfaceOrientations_iPhone = "UIInterfaceOrientationPortrait UIInterfaceOrientationLandscapeLeft UIInterfaceOrientationLandscapeRight";
				IPHONEOS_DEPLOYMENT_TARGET = 18.1;
				LD_RUNPATH_SEARCH_PATHS = "@executable_path/Frameworks";
				"LD_RUNPATH_SEARCH_PATHS[sdk=macosx*]" = "@executable_path/../Frameworks";
				MACOSX_DEPLOYMENT_TARGET = 15.1;
				MARKETING_VERSION = 1.0;
				PRODUCT_BUNDLE_IDENTIFIER = DogBreedApp.rewardhero.DogBreedApp;
				PRODUCT_NAME = "$(TARGET_NAME)";
				SDKROOT = auto;
				SUPPORTED_PLATFORMS = "iphoneos iphonesimulator macosx xros xrsimulator";
				SWIFT_EMIT_LOC_STRINGS = YES;
				SWIFT_VERSION = 5.0;
				TARGETED_DEVICE_FAMILY = "1,2,7";
				XROS_DEPLOYMENT_TARGET = 2.1;
			};
			name = Debug;
		};
		5CEB72762CEB3CAF006E2CBC /* Release */ = {
			isa = XCBuildConfiguration;
			buildSettings = {
				ASSETCATALOG_COMPILER_APPICON_NAME = AppIcon;
				ASSETCATALOG_COMPILER_GLOBAL_ACCENT_COLOR_NAME = AccentColor;
				CODE_SIGN_ENTITLEMENTS = DogBreedApp/DogBreedApp.entitlements;
				CODE_SIGN_STYLE = Automatic;
				CURRENT_PROJECT_VERSION = 1;
				DEVELOPMENT_ASSET_PATHS = "\"DogBreedApp/Preview Content\"";
				DEVELOPMENT_TEAM = 6U2ZF9LUTV;
				ENABLE_HARDENED_RUNTIME = YES;
				ENABLE_PREVIEWS = YES;
				GENERATE_INFOPLIST_FILE = YES;
				"INFOPLIST_KEY_UIApplicationSceneManifest_Generation[sdk=iphoneos*]" = YES;
				"INFOPLIST_KEY_UIApplicationSceneManifest_Generation[sdk=iphonesimulator*]" = YES;
				"INFOPLIST_KEY_UIApplicationSupportsIndirectInputEvents[sdk=iphoneos*]" = YES;
				"INFOPLIST_KEY_UIApplicationSupportsIndirectInputEvents[sdk=iphonesimulator*]" = YES;
				"INFOPLIST_KEY_UILaunchScreen_Generation[sdk=iphoneos*]" = YES;
				"INFOPLIST_KEY_UILaunchScreen_Generation[sdk=iphonesimulator*]" = YES;
				"INFOPLIST_KEY_UIStatusBarStyle[sdk=iphoneos*]" = UIStatusBarStyleDefault;
				"INFOPLIST_KEY_UIStatusBarStyle[sdk=iphonesimulator*]" = UIStatusBarStyleDefault;
				INFOPLIST_KEY_UISupportedInterfaceOrientations_iPad = "UIInterfaceOrientationPortrait UIInterfaceOrientationPortraitUpsideDown UIInterfaceOrientationLandscapeLeft UIInterfaceOrientationLandscapeRight";
				INFOPLIST_KEY_UISupportedInterfaceOrientations_iPhone = "UIInterfaceOrientationPortrait UIInterfaceOrientationLandscapeLeft UIInterfaceOrientationLandscapeRight";
				IPHONEOS_DEPLOYMENT_TARGET = 18.1;
				LD_RUNPATH_SEARCH_PATHS = "@executable_path/Frameworks";
				"LD_RUNPATH_SEARCH_PATHS[sdk=macosx*]" = "@executable_path/../Frameworks";
				MACOSX_DEPLOYMENT_TARGET = 15.1;
				MARKETING_VERSION = 1.0;
				PRODUCT_BUNDLE_IDENTIFIER = DogBreedApp.rewardhero.DogBreedApp;
				PRODUCT_NAME = "$(TARGET_NAME)";
				SDKROOT = auto;
				SUPPORTED_PLATFORMS = "iphoneos iphonesimulator macosx xros xrsimulator";
				SWIFT_EMIT_LOC_STRINGS = YES;
				SWIFT_VERSION = 5.0;
				TARGETED_DEVICE_FAMILY = "1,2,7";
				XROS_DEPLOYMENT_TARGET = 2.1;
			};
			name = Release;
		};
		5CEB72782CEB3CAF006E2CBC /* Debug */ = {
			isa = XCBuildConfiguration;
			buildSettings = {
				BUNDLE_LOADER = "$(TEST_HOST)";
				CODE_SIGN_STYLE = Automatic;
				CURRENT_PROJECT_VERSION = 1;
				DEVELOPMENT_TEAM = 6U2ZF9LUTV;
				GENERATE_INFOPLIST_FILE = YES;
				IPHONEOS_DEPLOYMENT_TARGET = 18.1;
				MACOSX_DEPLOYMENT_TARGET = 15.1;
				MARKETING_VERSION = 1.0;
				PRODUCT_BUNDLE_IDENTIFIER = DogBreedApp.rewardhero.DogBreedAppTests;
				PRODUCT_NAME = "$(TARGET_NAME)";
				SDKROOT = auto;
				SUPPORTED_PLATFORMS = "iphoneos iphonesimulator macosx xros xrsimulator";
				SWIFT_EMIT_LOC_STRINGS = NO;
				SWIFT_VERSION = 5.0;
				TARGETED_DEVICE_FAMILY = "1,2,7";
				TEST_HOST = "$(BUILT_PRODUCTS_DIR)/DogBreedApp.app/$(BUNDLE_EXECUTABLE_FOLDER_PATH)/DogBreedApp";
				XROS_DEPLOYMENT_TARGET = 2.1;
			};
			name = Debug;
		};
		5CEB72792CEB3CAF006E2CBC /* Release */ = {
			isa = XCBuildConfiguration;
			buildSettings = {
				BUNDLE_LOADER = "$(TEST_HOST)";
				CODE_SIGN_STYLE = Automatic;
				CURRENT_PROJECT_VERSION = 1;
				DEVELOPMENT_TEAM = 6U2ZF9LUTV;
				GENERATE_INFOPLIST_FILE = YES;
				IPHONEOS_DEPLOYMENT_TARGET = 18.1;
				MACOSX_DEPLOYMENT_TARGET = 15.1;
				MARKETING_VERSION = 1.0;
				PRODUCT_BUNDLE_IDENTIFIER = DogBreedApp.rewardhero.DogBreedAppTests;
				PRODUCT_NAME = "$(TARGET_NAME)";
				SDKROOT = auto;
				SUPPORTED_PLATFORMS = "iphoneos iphonesimulator macosx xros xrsimulator";
				SWIFT_EMIT_LOC_STRINGS = NO;
				SWIFT_VERSION = 5.0;
				TARGETED_DEVICE_FAMILY = "1,2,7";
				TEST_HOST = "$(BUILT_PRODUCTS_DIR)/DogBreedApp.app/$(BUNDLE_EXECUTABLE_FOLDER_PATH)/DogBreedApp";
				XROS_DEPLOYMENT_TARGET = 2.1;
			};
			name = Release;
		};
		5CEB727B2CEB3CAF006E2CBC /* Debug */ = {
			isa = XCBuildConfiguration;
			buildSettings = {
				CODE_SIGN_STYLE = Automatic;
				CURRENT_PROJECT_VERSION = 1;
				DEVELOPMENT_TEAM = 6U2ZF9LUTV;
				GENERATE_INFOPLIST_FILE = YES;
				IPHONEOS_DEPLOYMENT_TARGET = 18.1;
				MACOSX_DEPLOYMENT_TARGET = 15.1;
				MARKETING_VERSION = 1.0;
				PRODUCT_BUNDLE_IDENTIFIER = DogBreedApp.rewardhero.DogBreedAppUITests;
				PRODUCT_NAME = "$(TARGET_NAME)";
				SDKROOT = auto;
				SUPPORTED_PLATFORMS = "iphoneos iphonesimulator macosx xros xrsimulator";
				SWIFT_EMIT_LOC_STRINGS = NO;
				SWIFT_VERSION = 5.0;
				TARGETED_DEVICE_FAMILY = "1,2,7";
				TEST_TARGET_NAME = DogBreedApp;
				XROS_DEPLOYMENT_TARGET = 2.1;
			};
			name = Debug;
		};
		5CEB727C2CEB3CAF006E2CBC /* Release */ = {
			isa = XCBuildConfiguration;
			buildSettings = {
				CODE_SIGN_STYLE = Automatic;
				CURRENT_PROJECT_VERSION = 1;
				DEVELOPMENT_TEAM = 6U2ZF9LUTV;
				GENERATE_INFOPLIST_FILE = YES;
				IPHONEOS_DEPLOYMENT_TARGET = 18.1;
				MACOSX_DEPLOYMENT_TARGET = 15.1;
				MARKETING_VERSION = 1.0;
				PRODUCT_BUNDLE_IDENTIFIER = DogBreedApp.rewardhero.DogBreedAppUITests;
				PRODUCT_NAME = "$(TARGET_NAME)";
				SDKROOT = auto;
				SUPPORTED_PLATFORMS = "iphoneos iphonesimulator macosx xros xrsimulator";
				SWIFT_EMIT_LOC_STRINGS = NO;
				SWIFT_VERSION = 5.0;
				TARGETED_DEVICE_FAMILY = "1,2,7";
				TEST_TARGET_NAME = DogBreedApp;
				XROS_DEPLOYMENT_TARGET = 2.1;
			};
			name = Release;
		};
/* End XCBuildConfiguration section */

/* Begin XCConfigurationList section */
		5CEB724A2CEB3CAE006E2CBC /* Build configuration list for PBXProject "DogBreedApp" */ = {
			isa = XCConfigurationList;
			buildConfigurations = (
				5CEB72722CEB3CAF006E2CBC /* Debug */,
				5CEB72732CEB3CAF006E2CBC /* Release */,
			);
			defaultConfigurationIsVisible = 0;
			defaultConfigurationName = Release;
		};
		5CEB72742CEB3CAF006E2CBC /* Build configuration list for PBXNativeTarget "DogBreedApp" */ = {
			isa = XCConfigurationList;
			buildConfigurations = (
				5CEB72752CEB3CAF006E2CBC /* Debug */,
				5CEB72762CEB3CAF006E2CBC /* Release */,
			);
			defaultConfigurationIsVisible = 0;
			defaultConfigurationName = Release;
		};
		5CEB72772CEB3CAF006E2CBC /* Build configuration list for PBXNativeTarget "DogBreedAppTests" */ = {
			isa = XCConfigurationList;
			buildConfigurations = (
				5CEB72782CEB3CAF006E2CBC /* Debug */,
				5CEB72792CEB3CAF006E2CBC /* Release */,
			);
			defaultConfigurationIsVisible = 0;
			defaultConfigurationName = Release;
		};
		5CEB727A2CEB3CAF006E2CBC /* Build configuration list for PBXNativeTarget "DogBreedAppUITests" */ = {
			isa = XCConfigurationList;
			buildConfigurations = (
				5CEB727B2CEB3CAF006E2CBC /* Debug */,
				5CEB727C2CEB3CAF006E2CBC /* Release */,
			);
			defaultConfigurationIsVisible = 0;
			defaultConfigurationName = Release;
		};
/* End XCConfigurationList section */
	};
	rootObject = 5CEB72472CEB3CAE006E2CBC /* Project object */;
}
